
Microsoft Visual Studio Solution File, Format Version 12.00
# Visual Studio 15
VisualStudioVersion = 15.0.27428.2027
MinimumVisualStudioVersion = 10.0.40219.1
Project("{FAE04EC0-301F-11D3-BF4B-00C04F79EFBC}") = "VistaNotas", "VistaNotas\VistaNotas.csproj", "{59D7944F-76D1-495C-85F9-00F06CDBDB90}"
EndProject
Global
	GlobalSection(SolutionConfigurationPlatforms) = preSolution
		Debug|Any CPU = Debug|Any CPU
		Release|Any CPU = Release|Any CPU
	EndGlobalSection
	GlobalSection(ProjectConfigurationPlatforms) = postSolution
		{59D7944F-76D1-495C-85F9-00F06CDBDB90}.Debug|Any CPU.ActiveCfg = Debug|Any CPU
		{59D7944F-76D1-495C-85F9-00F06CDBDB90}.Debug|Any CPU.Build.0 = Debug|Any CPU
		{59D7944F-76D1-495C-85F9-00F06CDBDB90}.Release|Any CPU.ActiveCfg = Release|Any CPU
		{59D7944F-76D1-495C-85F9-00F06CDBDB90}.Release|Any CPU.Build.0 = Release|Any CPU
	EndGlobalSection
	GlobalSection(SolutionProperties) = preSolution
		HideSolutionNode = FALSE
	EndGlobalSection
	GlobalSection(ExtensibilityGlobals) = postSolution
		SolutionGuid = {87B36D8C-B1DB-4246-9061-F91F98652AF4}
	EndGlobalSection
EndGlobal
